// !$*UTF8*$!
{
	archiveVersion = 1;
	classes = {
	};
	objectVersion = 46;
	objects = {

/* Begin PBXBuildFile section */
		F33ACB5A190A04B4006FABC4 /* FlappySearch.xcdatamodeld in Sources */ = {isa = PBXBuildFile; fileRef = F33ACB58190A04B4006FABC4 /* FlappySearch.xcdatamodeld */; };
		F33ACB5C190A04D3006FABC4 /* FlappySearch.sqlite in Resources */ = {isa = PBXBuildFile; fileRef = F33ACB5B190A04D3006FABC4 /* FlappySearch.sqlite */; };
		F3F388091905D3B8008FD943 /* Foundation.framework in Frameworks */ = {isa = PBXBuildFile; fileRef = F3F388081905D3B8008FD943 /* Foundation.framework */; };
		F3F3880B1905D3B8008FD943 /* CoreGraphics.framework in Frameworks */ = {isa = PBXBuildFile; fileRef = F3F3880A1905D3B8008FD943 /* CoreGraphics.framework */; };
		F3F3880D1905D3B8008FD943 /* UIKit.framework in Frameworks */ = {isa = PBXBuildFile; fileRef = F3F3880C1905D3B8008FD943 /* UIKit.framework */; };
		F3F3880F1905D3B8008FD943 /* CoreData.framework in Frameworks */ = {isa = PBXBuildFile; fileRef = F3F3880E1905D3B8008FD943 /* CoreData.framework */; };
		F3F388151905D3B8008FD943 /* InfoPlist.strings in Resources */ = {isa = PBXBuildFile; fileRef = F3F388131905D3B8008FD943 /* InfoPlist.strings */; };
		F3F388171905D3B8008FD943 /* main.m in Sources */ = {isa = PBXBuildFile; fileRef = F3F388161905D3B8008FD943 /* main.m */; };
		F3F3881B1905D3B8008FD943 /* AppDelegate.m in Sources */ = {isa = PBXBuildFile; fileRef = F3F3881A1905D3B8008FD943 /* AppDelegate.m */; };
		F3F3881E1905D3B8008FD943 /* Flappy_Favs.xcdatamodeld in Sources */ = {isa = PBXBuildFile; fileRef = F3F3881C1905D3B8008FD943 /* Flappy_Favs.xcdatamodeld */; };
		F3F388201905D3B8008FD943 /* Images.xcassets in Resources */ = {isa = PBXBuildFile; fileRef = F3F3881F1905D3B8008FD943 /* Images.xcassets */; };
		F3F388271905D3B8008FD943 /* XCTest.framework in Frameworks */ = {isa = PBXBuildFile; fileRef = F3F388261905D3B8008FD943 /* XCTest.framework */; };
		F3F388281905D3B8008FD943 /* Foundation.framework in Frameworks */ = {isa = PBXBuildFile; fileRef = F3F388081905D3B8008FD943 /* Foundation.framework */; };
		F3F388291905D3B8008FD943 /* UIKit.framework in Frameworks */ = {isa = PBXBuildFile; fileRef = F3F3880C1905D3B8008FD943 /* UIKit.framework */; };
		F3F3882A1905D3B8008FD943 /* CoreData.framework in Frameworks */ = {isa = PBXBuildFile; fileRef = F3F3880E1905D3B8008FD943 /* CoreData.framework */; };
		F3F388321905D3B8008FD943 /* InfoPlist.strings in Resources */ = {isa = PBXBuildFile; fileRef = F3F388301905D3B8008FD943 /* InfoPlist.strings */; };
		F3F388341905D3B8008FD943 /* Flappy_FavsTests.m in Sources */ = {isa = PBXBuildFile; fileRef = F3F388331905D3B8008FD943 /* Flappy_FavsTests.m */; };
		F3F3883E1905D3C9008FD943 /* Storyboard.storyboard in Resources */ = {isa = PBXBuildFile; fileRef = F3F3883D1905D3C9008FD943 /* Storyboard.storyboard */; };
		F3F388441905E023008FD943 /* ResultsViewController.m in Sources */ = {isa = PBXBuildFile; fileRef = F3F388431905E023008FD943 /* ResultsViewController.m */; };
/* End PBXBuildFile section */

/* Begin PBXContainerItemProxy section */
		F3F3882B1905D3B8008FD943 /* PBXContainerItemProxy */ = {
			isa = PBXContainerItemProxy;
			containerPortal = F3F387FD1905D3B8008FD943 /* Project object */;
			proxyType = 1;
			remoteGlobalIDString = F3F388041905D3B8008FD943;
			remoteInfo = "Flappy Favs";
		};
/* End PBXContainerItemProxy section */

/* Begin PBXFileReference section */
		F33ACB59190A04B4006FABC4 /* FlappySearch.xcdatamodel */ = {isa = PBXFileReference; lastKnownFileType = wrapper.xcdatamodel; path = FlappySearch.xcdatamodel; sourceTree = "<group>"; };
		F33ACB5B190A04D3006FABC4 /* FlappySearch.sqlite */ = {isa = PBXFileReference; lastKnownFileType = file; path = FlappySearch.sqlite; sourceTree = "<group>"; };
		F3F388051905D3B8008FD943 /* Flappy Favs.app */ = {isa = PBXFileReference; explicitFileType = wrapper.application; includeInIndex = 0; path = "Flappy Favs.app"; sourceTree = BUILT_PRODUCTS_DIR; };
		F3F388081905D3B8008FD943 /* Foundation.framework */ = {isa = PBXFileReference; lastKnownFileType = wrapper.framework; name = Foundation.framework; path = System/Library/Frameworks/Foundation.framework; sourceTree = SDKROOT; };
		F3F3880A1905D3B8008FD943 /* CoreGraphics.framework */ = {isa = PBXFileReference; lastKnownFileType = wrapper.framework; name = CoreGraphics.framework; path = System/Library/Frameworks/CoreGraphics.framework; sourceTree = SDKROOT; };
		F3F3880C1905D3B8008FD943 /* UIKit.framework */ = {isa = PBXFileReference; lastKnownFileType = wrapper.framework; name = UIKit.framework; path = System/Library/Frameworks/UIKit.framework; sourceTree = SDKROOT; };
		F3F3880E1905D3B8008FD943 /* CoreData.framework */ = {isa = PBXFileReference; lastKnownFileType = wrapper.framework; name = CoreData.framework; path = System/Library/Frameworks/CoreData.framework; sourceTree = SDKROOT; };
		F3F388121905D3B8008FD943 /* Flappy Favs-Info.plist */ = {isa = PBXFileReference; lastKnownFileType = text.plist.xml; path = "Flappy Favs-Info.plist"; sourceTree = "<group>"; };
		F3F388141905D3B8008FD943 /* en */ = {isa = PBXFileReference; lastKnownFileType = text.plist.strings; name = en; path = en.lproj/InfoPlist.strings; sourceTree = "<group>"; };
		F3F388161905D3B8008FD943 /* main.m */ = {isa = PBXFileReference; lastKnownFileType = sourcecode.c.objc; path = main.m; sourceTree = "<group>"; };
		F3F388181905D3B8008FD943 /* Flappy Favs-Prefix.pch */ = {isa = PBXFileReference; lastKnownFileType = sourcecode.c.h; path = "Flappy Favs-Prefix.pch"; sourceTree = "<group>"; };
		F3F388191905D3B8008FD943 /* AppDelegate.h */ = {isa = PBXFileReference; lastKnownFileType = sourcecode.c.h; path = AppDelegate.h; sourceTree = "<group>"; };
		F3F3881A1905D3B8008FD943 /* AppDelegate.m */ = {isa = PBXFileReference; lastKnownFileType = sourcecode.c.objc; path = AppDelegate.m; sourceTree = "<group>"; };
		F3F3881D1905D3B8008FD943 /* Flappy_Favs.xcdatamodel */ = {isa = PBXFileReference; lastKnownFileType = wrapper.xcdatamodel; path = Flappy_Favs.xcdatamodel; sourceTree = "<group>"; };
		F3F3881F1905D3B8008FD943 /* Images.xcassets */ = {isa = PBXFileReference; lastKnownFileType = folder.assetcatalog; path = Images.xcassets; sourceTree = "<group>"; };
		F3F388251905D3B8008FD943 /* Flappy FavsTests.xctest */ = {isa = PBXFileReference; explicitFileType = wrapper.cfbundle; includeInIndex = 0; path = "Flappy FavsTests.xctest"; sourceTree = BUILT_PRODUCTS_DIR; };
		F3F388261905D3B8008FD943 /* XCTest.framework */ = {isa = PBXFileReference; lastKnownFileType = wrapper.framework; name = XCTest.framework; path = Library/Frameworks/XCTest.framework; sourceTree = DEVELOPER_DIR; };
		F3F3882F1905D3B8008FD943 /* Flappy FavsTests-Info.plist */ = {isa = PBXFileReference; lastKnownFileType = text.plist.xml; path = "Flappy FavsTests-Info.plist"; sourceTree = "<group>"; };
		F3F388311905D3B8008FD943 /* en */ = {isa = PBXFileReference; lastKnownFileType = text.plist.strings; name = en; path = en.lproj/InfoPlist.strings; sourceTree = "<group>"; };
		F3F388331905D3B8008FD943 /* Flappy_FavsTests.m */ = {isa = PBXFileReference; lastKnownFileType = sourcecode.c.objc; path = Flappy_FavsTests.m; sourceTree = "<group>"; };
		F3F3883D1905D3C9008FD943 /* Storyboard.storyboard */ = {isa = PBXFileReference; fileEncoding = 4; lastKnownFileType = file.storyboard; path = Storyboard.storyboard; sourceTree = "<group>"; };
		F3F388421905E023008FD943 /* ResultsViewController.h */ = {isa = PBXFileReference; fileEncoding = 4; lastKnownFileType = sourcecode.c.h; path = ResultsViewController.h; sourceTree = "<group>"; };
		F3F388431905E023008FD943 /* ResultsViewController.m */ = {isa = PBXFileReference; fileEncoding = 4; lastKnownFileType = sourcecode.c.objc; path = ResultsViewController.m; sourceTree = "<group>"; };
		F3F388451905FEE7008FD943 /* Flappy Favs.entitlements */ = {isa = PBXFileReference; lastKnownFileType = text.xml; path = "Flappy Favs.entitlements"; sourceTree = "<group>"; };
/* End PBXFileReference section */

/* Begin PBXFrameworksBuildPhase section */
		F3F388021905D3B8008FD943 /* Frameworks */ = {
			isa = PBXFrameworksBuildPhase;
			buildActionMask = 2147483647;
			files = (
				F3F3880B1905D3B8008FD943 /* CoreGraphics.framework in Frameworks */,
				F3F3880F1905D3B8008FD943 /* CoreData.framework in Frameworks */,
				F3F3880D1905D3B8008FD943 /* UIKit.framework in Frameworks */,
				F3F388091905D3B8008FD943 /* Foundation.framework in Frameworks */,
			);
			runOnlyForDeploymentPostprocessing = 0;
		};
		F3F388221905D3B8008FD943 /* Frameworks */ = {
			isa = PBXFrameworksBuildPhase;
			buildActionMask = 2147483647;
			files = (
				F3F388271905D3B8008FD943 /* XCTest.framework in Frameworks */,
				F3F3882A1905D3B8008FD943 /* CoreData.framework in Frameworks */,
				F3F388291905D3B8008FD943 /* UIKit.framework in Frameworks */,
				F3F388281905D3B8008FD943 /* Foundation.framework in Frameworks */,
			);
			runOnlyForDeploymentPostprocessing = 0;
		};
/* End PBXFrameworksBuildPhase section */

/* Begin PBXGroup section */
		F3F387FC1905D3B8008FD943 = {
			isa = PBXGroup;
			children = (
				F3F388101905D3B8008FD943 /* Flappy Favs */,
				F3F3882D1905D3B8008FD943 /* Flappy FavsTests */,
				F3F388071905D3B8008FD943 /* Frameworks */,
				F3F388061905D3B8008FD943 /* Products */,
			);
			sourceTree = "<group>";
		};
		F3F388061905D3B8008FD943 /* Products */ = {
			isa = PBXGroup;
			children = (
				F3F388051905D3B8008FD943 /* Flappy Favs.app */,
				F3F388251905D3B8008FD943 /* Flappy FavsTests.xctest */,
			);
			name = Products;
			sourceTree = "<group>";
		};
		F3F388071905D3B8008FD943 /* Frameworks */ = {
			isa = PBXGroup;
			children = (
				F3F388081905D3B8008FD943 /* Foundation.framework */,
				F3F3880A1905D3B8008FD943 /* CoreGraphics.framework */,
				F3F3880C1905D3B8008FD943 /* UIKit.framework */,
				F3F3880E1905D3B8008FD943 /* CoreData.framework */,
				F3F388261905D3B8008FD943 /* XCTest.framework */,
			);
			name = Frameworks;
			sourceTree = "<group>";
		};
		F3F388101905D3B8008FD943 /* Flappy Favs */ = {
			isa = PBXGroup;
			children = (
				F33ACB58190A04B4006FABC4 /* FlappySearch.xcdatamodeld */,
				F3F388451905FEE7008FD943 /* Flappy Favs.entitlements */,
				F3F388191905D3B8008FD943 /* AppDelegate.h */,
				F3F3881A1905D3B8008FD943 /* AppDelegate.m */,
				F3F3881F1905D3B8008FD943 /* Images.xcassets */,
				F3F3881C1905D3B8008FD943 /* Flappy_Favs.xcdatamodeld */,
				F3F388111905D3B8008FD943 /* Supporting Files */,
				F3F3883D1905D3C9008FD943 /* Storyboard.storyboard */,
				F3F388421905E023008FD943 /* ResultsViewController.h */,
				F3F388431905E023008FD943 /* ResultsViewController.m */,
			);
			path = "Flappy Favs";
			sourceTree = "<group>";
		};
		F3F388111905D3B8008FD943 /* Supporting Files */ = {
			isa = PBXGroup;
			children = (
				F33ACB5B190A04D3006FABC4 /* FlappySearch.sqlite */,
				F3F388121905D3B8008FD943 /* Flappy Favs-Info.plist */,
				F3F388131905D3B8008FD943 /* InfoPlist.strings */,
				F3F388161905D3B8008FD943 /* main.m */,
				F3F388181905D3B8008FD943 /* Flappy Favs-Prefix.pch */,
			);
			name = "Supporting Files";
			sourceTree = "<group>";
		};
		F3F3882D1905D3B8008FD943 /* Flappy FavsTests */ = {
			isa = PBXGroup;
			children = (
				F3F388331905D3B8008FD943 /* Flappy_FavsTests.m */,
				F3F3882E1905D3B8008FD943 /* Supporting Files */,
			);
			path = "Flappy FavsTests";
			sourceTree = "<group>";
		};
		F3F3882E1905D3B8008FD943 /* Supporting Files */ = {
			isa = PBXGroup;
			children = (
				F3F3882F1905D3B8008FD943 /* Flappy FavsTests-Info.plist */,
				F3F388301905D3B8008FD943 /* InfoPlist.strings */,
			);
			name = "Supporting Files";
			sourceTree = "<group>";
		};
/* End PBXGroup section */

/* Begin PBXNativeTarget section */
		F3F388041905D3B8008FD943 /* Flappy Favs */ = {
			isa = PBXNativeTarget;
			buildConfigurationList = F3F388371905D3B8008FD943 /* Build configuration list for PBXNativeTarget "Flappy Favs" */;
			buildPhases = (
				F3F388011905D3B8008FD943 /* Sources */,
				F3F388021905D3B8008FD943 /* Frameworks */,
				F3F388031905D3B8008FD943 /* Resources */,
			);
			buildRules = (
			);
			dependencies = (
			);
			name = "Flappy Favs";
			productName = "Flappy Favs";
			productReference = F3F388051905D3B8008FD943 /* Flappy Favs.app */;
			productType = "com.apple.product-type.application";
		};
		F3F388241905D3B8008FD943 /* Flappy FavsTests */ = {
			isa = PBXNativeTarget;
			buildConfigurationList = F3F3883A1905D3B8008FD943 /* Build configuration list for PBXNativeTarget "Flappy FavsTests" */;
			buildPhases = (
				F3F388211905D3B8008FD943 /* Sources */,
				F3F388221905D3B8008FD943 /* Frameworks */,
				F3F388231905D3B8008FD943 /* Resources */,
			);
			buildRules = (
			);
			dependencies = (
				F3F3882C1905D3B8008FD943 /* PBXTargetDependency */,
			);
			name = "Flappy FavsTests";
			productName = "Flappy FavsTests";
			productReference = F3F388251905D3B8008FD943 /* Flappy FavsTests.xctest */;
			productType = "com.apple.product-type.bundle.unit-test";
		};
/* End PBXNativeTarget section */

/* Begin PBXProject section */
		F3F387FD1905D3B8008FD943 /* Project object */ = {
			isa = PBXProject;
			attributes = {
				LastUpgradeCheck = 0510;
				ORGANIZATIONNAME = "Mark Meyer";
				TargetAttributes = {
					F3F388041905D3B8008FD943 = {
						DevelopmentTeam = 8HEK9W23RJ;
						SystemCapabilities = {
							com.apple.iCloud = {
								enabled = 1;
							};
						};
					};
					F3F388241905D3B8008FD943 = {
						TestTargetID = F3F388041905D3B8008FD943;
					};
				};
			};
			buildConfigurationList = F3F388001905D3B8008FD943 /* Build configuration list for PBXProject "Flappy Favs" */;
			compatibilityVersion = "Xcode 3.2";
			developmentRegion = English;
			hasScannedForEncodings = 0;
			knownRegions = (
				en,
			);
			mainGroup = F3F387FC1905D3B8008FD943;
			productRefGroup = F3F388061905D3B8008FD943 /* Products */;
			projectDirPath = "";
			projectRoot = "";
			targets = (
				F3F388041905D3B8008FD943 /* Flappy Favs */,
				F3F388241905D3B8008FD943 /* Flappy FavsTests */,
			);
		};
/* End PBXProject section */

/* Begin PBXResourcesBuildPhase section */
		F3F388031905D3B8008FD943 /* Resources */ = {
			isa = PBXResourcesBuildPhase;
			buildActionMask = 2147483647;
			files = (
				F3F388151905D3B8008FD943 /* InfoPlist.strings in Resources */,
				F33ACB5C190A04D3006FABC4 /* FlappySearch.sqlite in Resources */,
				F3F388201905D3B8008FD943 /* Images.xcassets in Resources */,
				F3F3883E1905D3C9008FD943 /* Storyboard.storyboard in Resources */,
			);
			runOnlyForDeploymentPostprocessing = 0;
		};
		F3F388231905D3B8008FD943 /* Resources */ = {
			isa = PBXResourcesBuildPhase;
			buildActionMask = 2147483647;
			files = (
				F3F388321905D3B8008FD943 /* InfoPlist.strings in Resources */,
			);
			runOnlyForDeploymentPostprocessing = 0;
		};
/* End PBXResourcesBuildPhase section */

/* Begin PBXSourcesBuildPhase section */
		F3F388011905D3B8008FD943 /* Sources */ = {
			isa = PBXSourcesBuildPhase;
			buildActionMask = 2147483647;
			files = (
				F3F3881B1905D3B8008FD943 /* AppDelegate.m in Sources */,
				F3F388171905D3B8008FD943 /* main.m in Sources */,
				F33ACB5A190A04B4006FABC4 /* FlappySearch.xcdatamodeld in Sources */,
				F3F3881E1905D3B8008FD943 /* Flappy_Favs.xcdatamodeld in Sources */,
				F3F388441905E023008FD943 /* ResultsViewController.m in Sources */,
			);
			runOnlyForDeploymentPostprocessing = 0;
		};
		F3F388211905D3B8008FD943 /* Sources */ = {
			isa = PBXSourcesBuildPhase;
			buildActionMask = 2147483647;
			files = (
				F3F388341905D3B8008FD943 /* Flappy_FavsTests.m in Sources */,
			);
			runOnlyForDeploymentPostprocessing = 0;
		};
/* End PBXSourcesBuildPhase section */

/* Begin PBXTargetDependency section */
		F3F3882C1905D3B8008FD943 /* PBXTargetDependency */ = {
			isa = PBXTargetDependency;
			target = F3F388041905D3B8008FD943 /* Flappy Favs */;
			targetProxy = F3F3882B1905D3B8008FD943 /* PBXContainerItemProxy */;
		};
/* End PBXTargetDependency section */

/* Begin PBXVariantGroup section */
		F3F388131905D3B8008FD943 /* InfoPlist.strings */ = {
			isa = PBXVariantGroup;
			children = (
				F3F388141905D3B8008FD943 /* en */,
			);
			name = InfoPlist.strings;
			sourceTree = "<group>";
		};
		F3F388301905D3B8008FD943 /* InfoPlist.strings */ = {
			isa = PBXVariantGroup;
			children = (
				F3F388311905D3B8008FD943 /* en */,
			);
			name = InfoPlist.strings;
			sourceTree = "<group>";
		};
/* End PBXVariantGroup section */

/* Begin XCBuildConfiguration section */
		F3F388351905D3B8008FD943 /* Debug */ = {
			isa = XCBuildConfiguration;
			buildSettings = {
				ALWAYS_SEARCH_USER_PATHS = NO;
				CLANG_CXX_LANGUAGE_STANDARD = "gnu++0x";
				CLANG_CXX_LIBRARY = "libc++";
				CLANG_ENABLE_MODULES = YES;
				CLANG_ENABLE_OBJC_ARC = YES;
				CLANG_WARN_BOOL_CONVERSION = YES;
				CLANG_WARN_CONSTANT_CONVERSION = YES;
				CLANG_WARN_DIRECT_OBJC_ISA_USAGE = YES_ERROR;
				CLANG_WARN_EMPTY_BODY = YES;
				CLANG_WARN_ENUM_CONVERSION = YES;
				CLANG_WARN_INT_CONVERSION = YES;
				CLANG_WARN_OBJC_ROOT_CLASS = YES_ERROR;
				CLANG_WARN__DUPLICATE_METHOD_MATCH = YES;
				"CODE_SIGN_IDENTITY[sdk=iphoneos*]" = "iPhone Developer";
				COPY_PHASE_STRIP = NO;
				GCC_C_LANGUAGE_STANDARD = gnu99;
				GCC_DYNAMIC_NO_PIC = NO;
				GCC_OPTIMIZATION_LEVEL = 0;
				GCC_PREPROCESSOR_DEFINITIONS = (
					"DEBUG=1",
					"$(inherited)",
				);
				GCC_SYMBOLS_PRIVATE_EXTERN = NO;
				GCC_WARN_64_TO_32_BIT_CONVERSION = YES;
				GCC_WARN_ABOUT_RETURN_TYPE = YES_ERROR;
				GCC_WARN_UNDECLARED_SELECTOR = YES;
				GCC_WARN_UNINITIALIZED_AUTOS = YES_AGGRESSIVE;
				GCC_WARN_UNUSED_FUNCTION = YES;
				GCC_WARN_UNUSED_VARIABLE = YES;
				IPHONEOS_DEPLOYMENT_TARGET = 7.1;
				ONLY_ACTIVE_ARCH = YES;
				SDKROOT = iphoneos;
				TARGETED_DEVICE_FAMILY = 2;
			};
			name = Debug;
		};
		F3F388361905D3B8008FD943 /* Release */ = {
			isa = XCBuildConfiguration;
			buildSettings = {
				ALWAYS_SEARCH_USER_PATHS = NO;
				CLANG_CXX_LANGUAGE_STANDARD = "gnu++0x";
				CLANG_CXX_LIBRARY = "libc++";
				CLANG_ENABLE_MODULES = YES;
				CLANG_ENABLE_OBJC_ARC = YES;
				CLANG_WARN_BOOL_CONVERSION = YES;
				CLANG_WARN_CONSTANT_CONVERSION = YES;
				CLANG_WARN_DIRECT_OBJC_ISA_USAGE = YES_ERROR;
				CLANG_WARN_EMPTY_BODY = YES;
				CLANG_WARN_ENUM_CONVERSION = YES;
				CLANG_WARN_INT_CONVERSION = YES;
				CLANG_WARN_OBJC_ROOT_CLASS = YES_ERROR;
				CLANG_WARN__DUPLICATE_METHOD_MATCH = YES;
				"CODE_SIGN_IDENTITY[sdk=iphoneos*]" = "iPhone Developer";
				COPY_PHASE_STRIP = YES;
				ENABLE_NS_ASSERTIONS = NO;
				GCC_C_LANGUAGE_STANDARD = gnu99;
				GCC_WARN_64_TO_32_BIT_CONVERSION = YES;
				GCC_WARN_ABOUT_RETURN_TYPE = YES_ERROR;
				GCC_WARN_UNDECLARED_SELECTOR = YES;
				GCC_WARN_UNINITIALIZED_AUTOS = YES_AGGRESSIVE;
				GCC_WARN_UNUSED_FUNCTION = YES;
				GCC_WARN_UNUSED_VARIABLE = YES;
				IPHONEOS_DEPLOYMENT_TARGET = 7.1;
				SDKROOT = iphoneos;
				TARGETED_DEVICE_FAMILY = 2;
				VALIDATE_PRODUCT = YES;
			};
			name = Release;
		};
		F3F388381905D3B8008FD943 /* Debug */ = {
			isa = XCBuildConfiguration;
			buildSettings = {
				ASSETCATALOG_COMPILER_APPICON_NAME = AppIcon;
				ASSETCATALOG_COMPILER_LAUNCHIMAGE_NAME = LaunchImage;
				CODE_SIGN_ENTITLEMENTS = "Flappy Favs/Flappy Favs.entitlements";
				GCC_PRECOMPILE_PREFIX_HEADER = YES;
				GCC_PREFIX_HEADER = "Flappy Favs/Flappy Favs-Prefix.pch";
				INFOPLIST_FILE = "Flappy Favs/Flappy Favs-Info.plist";
				PRODUCT_NAME = "$(TARGET_NAME)";
				WRAPPER_EXTENSION = app;
			};
			name = Debug;
		};
		F3F388391905D3B8008FD943 /* Release */ = {
			isa = XCBuildConfiguration;
			buildSettings = {
				ASSETCATALOG_COMPILER_APPICON_NAME = AppIcon;
				ASSETCATALOG_COMPILER_LAUNCHIMAGE_NAME = LaunchImage;
				CODE_SIGN_ENTITLEMENTS = "Flappy Favs/Flappy Favs.entitlements";
				GCC_PRECOMPILE_PREFIX_HEADER = YES;
				GCC_PREFIX_HEADER = "Flappy Favs/Flappy Favs-Prefix.pch";
				INFOPLIST_FILE = "Flappy Favs/Flappy Favs-Info.plist";
				PRODUCT_NAME = "$(TARGET_NAME)";
				WRAPPER_EXTENSION = app;
			};
			name = Release;
		};
		F3F3883B1905D3B8008FD943 /* Debug */ = {
			isa = XCBuildConfiguration;
			buildSettings = {
				BUNDLE_LOADER = "$(BUILT_PRODUCTS_DIR)/Flappy Favs.app/Flappy Favs";
				FRAMEWORK_SEARCH_PATHS = (
					"$(SDKROOT)/Developer/Library/Frameworks",
					"$(inherited)",
					"$(DEVELOPER_FRAMEWORKS_DIR)",
				);
				GCC_PRECOMPILE_PREFIX_HEADER = YES;
				GCC_PREFIX_HEADER = "Flappy Favs/Flappy Favs-Prefix.pch";
				GCC_PREPROCESSOR_DEFINITIONS = (
					"DEBUG=1",
					"$(inherited)",
				);
				INFOPLIST_FILE = "Flappy FavsTests/Flappy FavsTests-Info.plist";
				PRODUCT_NAME = "$(TARGET_NAME)";
				TEST_HOST = "$(BUNDLE_LOADER)";
				WRAPPER_EXTENSION = xctest;
			};
			name = Debug;
		};
		F3F3883C1905D3B8008FD943 /* Release */ = {
			isa = XCBuildConfiguration;
			buildSettings = {
				BUNDLE_LOADER = "$(BUILT_PRODUCTS_DIR)/Flappy Favs.app/Flappy Favs";
				FRAMEWORK_SEARCH_PATHS = (
					"$(SDKROOT)/Developer/Library/Frameworks",
					"$(inherited)",
					"$(DEVELOPER_FRAMEWORKS_DIR)",
				);
				GCC_PRECOMPILE_PREFIX_HEADER = YES;
				GCC_PREFIX_HEADER = "Flappy Favs/Flappy Favs-Prefix.pch";
				INFOPLIST_FILE = "Flappy FavsTests/Flappy FavsTests-Info.plist";
				PRODUCT_NAME = "$(TARGET_NAME)";
				TEST_HOST = "$(BUNDLE_LOADER)";
				WRAPPER_EXTENSION = xctest;
			};
			name = Release;
		};
/* End XCBuildConfiguration section */

/* Begin XCConfigurationList section */
		F3F388001905D3B8008FD943 /* Build configuration list for PBXProject "Flappy Favs" */ = {
			isa = XCConfigurationList;
			buildConfigurations = (
				F3F388351905D3B8008FD943 /* Debug */,
				F3F388361905D3B8008FD943 /* Release */,
			);
			defaultConfigurationIsVisible = 0;
			defaultConfigurationName = Release;
		};
		F3F388371905D3B8008FD943 /* Build configuration list for PBXNativeTarget "Flappy Favs" */ = {
			isa = XCConfigurationList;
			buildConfigurations = (
				F3F388381905D3B8008FD943 /* Debug */,
				F3F388391905D3B8008FD943 /* Release */,
			);
			defaultConfigurationIsVisible = 0;
			defaultConfigurationName = Release;
		};
		F3F3883A1905D3B8008FD943 /* Build configuration list for PBXNativeTarget "Flappy FavsTests" */ = {
			isa = XCConfigurationList;
			buildConfigurations = (
				F3F3883B1905D3B8008FD943 /* Debug */,
				F3F3883C1905D3B8008FD943 /* Release */,
			);
			defaultConfigurationIsVisible = 0;
			defaultConfigurationName = Release;
		};
/* End XCConfigurationList section */

/* Begin XCVersionGroup section */
		F33ACB58190A04B4006FABC4 /* FlappySearch.xcdatamodeld */ = {
			isa = XCVersionGroup;
			children = (
				F33ACB59190A04B4006FABC4 /* FlappySearch.xcdatamodel */,
			);
			currentVersion = F33ACB59190A04B4006FABC4 /* FlappySearch.xcdatamodel */;
			path = FlappySearch.xcdatamodeld;
			sourceTree = "<group>";
			versionGroupType = wrapper.xcdatamodel;
		};
		F3F3881C1905D3B8008FD943 /* Flappy_Favs.xcdatamodeld */ = {
			isa = XCVersionGroup;
			children = (
				F3F3881D1905D3B8008FD943 /* Flappy_Favs.xcdatamodel */,
			);
			currentVersion = F3F3881D1905D3B8008FD943 /* Flappy_Favs.xcdatamodel */;
			path = Flappy_Favs.xcdatamodeld;
			sourceTree = "<group>";
			versionGroupType = wrapper.xcdatamodel;
		};
/* End XCVersionGroup section */
	};
	rootObject = F3F387FD1905D3B8008FD943 /* Project object */;
}
